github.com/codegangsta/inject v0.0.0-20150114235600-33e0aa1cb7c0 h1:sDMmm+q/3+BukdIpxwO365v/Rbspp2Nt5XntgQRXq8Q=
github.com/codegangsta/inject v0.0.0-20150114235600-33e0aa1cb7c0/go.mod h1:4Zcjuz89kmFXt9morQgcfYZAYZ5n8WHjt81YYWIwtTM=
github.com/codeskyblue/go-sh v0.0.0-20190412065543-76bd3d59ff27 h1:HHUr4P/aKh4quafGxDT9LDasjGdlGkzLbfmmrlng3kA=
github.com/codeskyblue/go-sh v0.0.0-20190412065543-76bd3d59ff27/go.mod h1:VQx0hjo2oUeQkQUET7wRwradO6f+fN5jzXgB/zROxxE=
github.com/gammazero/deque v0.0.0-20190521012701-46e4ffb7a622 h1:lxbhOGZ9pU3Kf8P6lFluUcE82yVZn2EqEf4+mWRNPV0=
github.com/gammazero/deque v0.0.0-20190521012701-46e4ffb7a622/go.mod h1:D90+MBHVc9Sk1lJAbEVgws0eYEurY4mv2TDso3Nxh3w=
github.com/gammazero/workerpool v0.0.0-20190608213748-0ed5e40ec55e h1:fqgNEGLc7p2Rz4xlDHp9WNw/pqqR3c2cLdIC4zASBzU=
github.com/gammazero/workerpool v0.0.0-20190608213748-0ed5e40ec55e/go.mod h1:avlwxCMavNtjwf7NrfnzdIGU3OZYI5D1NFQ2Rn3nHKg=
